
Microsoft Visual Studio Solution File, Format Version 12.00
# Visual Studio Version 16
VisualStudioVersion = 16.0.29201.188
MinimumVisualStudioVersion = 10.0.40219.1
Project("{2150E333-8FDC-42A3-9474-1A3956D46DE8}") = "Item00 - O Projeto Inicial", "Item00 - O Projeto Inicial", "{F27E3D4C-1B88-402F-AAE3-BF748893E5C2}"
EndProject
Project("{9A19103F-16F7-4668-BE54-9A1E7A4F7556}") = "CasaDoCodigo.MVC", "Item00\CasaDoCodigo\CasaDoCodigo.MVC.csproj", "{DCF48943-83F5-4E44-B7E1-AE52B67644AB}"
EndProject
Project("{2150E333-8FDC-42A3-9474-1A3956D46DE8}") = "Roteiro", "Roteiro", "{F41B8FED-2486-47F1-BC77-8CA9DB8E3788}"
EndProject
Project("{2150E333-8FDC-42A3-9474-1A3956D46DE8}") = "Item01", "Item01", "{6DCBB41D-98BE-4884-925D-A0B17B818836}"
EndProject
Project("{9A19103F-16F7-4668-BE54-9A1E7A4F7556}") = "CasaDoCodigo.MVC", "Item01\CasaDoCodigo\CasaDoCodigo.MVC.csproj", "{937ECEA6-37AD-4A31-A6AD-53540808554C}"
EndProject
Global
	GlobalSection(SolutionConfigurationPlatforms) = preSolution
		Debug|Any CPU = Debug|Any CPU
		Release|Any CPU = Release|Any CPU
	EndGlobalSection
	GlobalSection(ProjectConfigurationPlatforms) = postSolution
		{DCF48943-83F5-4E44-B7E1-AE52B67644AB}.Debug|Any CPU.ActiveCfg = Debug|Any CPU
		{DCF48943-83F5-4E44-B7E1-AE52B67644AB}.Debug|Any CPU.Build.0 = Debug|Any CPU
		{DCF48943-83F5-4E44-B7E1-AE52B67644AB}.Release|Any CPU.ActiveCfg = Release|Any CPU
		{DCF48943-83F5-4E44-B7E1-AE52B67644AB}.Release|Any CPU.Build.0 = Release|Any CPU
		{937ECEA6-37AD-4A31-A6AD-53540808554C}.Debug|Any CPU.ActiveCfg = Debug|Any CPU
		{937ECEA6-37AD-4A31-A6AD-53540808554C}.Debug|Any CPU.Build.0 = Debug|Any CPU
		{937ECEA6-37AD-4A31-A6AD-53540808554C}.Release|Any CPU.ActiveCfg = Release|Any CPU
		{937ECEA6-37AD-4A31-A6AD-53540808554C}.Release|Any CPU.Build.0 = Release|Any CPU
	EndGlobalSection
	GlobalSection(SolutionProperties) = preSolution
		HideSolutionNode = FALSE
	EndGlobalSection
	GlobalSection(NestedProjects) = preSolution
		{DCF48943-83F5-4E44-B7E1-AE52B67644AB} = {F27E3D4C-1B88-402F-AAE3-BF748893E5C2}
		{937ECEA6-37AD-4A31-A6AD-53540808554C} = {6DCBB41D-98BE-4884-925D-A0B17B818836}
	EndGlobalSection
	GlobalSection(ExtensibilityGlobals) = postSolution
		SolutionGuid = {398437CA-EB7F-4F16-ACEE-7A7D1534AD08}
	EndGlobalSection
EndGlobal
