
Microsoft Visual Studio Solution File, Format Version 12.00
# Visual Studio 15
VisualStudioVersion = 15.0.28307.645
MinimumVisualStudioVersion = 10.0.40219.1
Project("{2150E333-8FDC-42A3-9474-1A3956D46DE8}") = "00 - O Projeto Inicial", "00 - O Projeto Inicial", "{F27E3D4C-1B88-402F-AAE3-BF748893E5C2}"
EndProject
Project("{9A19103F-16F7-4668-BE54-9A1E7A4F7556}") = "CasaDoCodigo.MVC", "Item00\CasaDoCodigo\CasaDoCodigo.MVC.csproj", "{DCF48943-83F5-4E44-B7E1-AE52B67644AB}"
EndProject
Project("{2150E333-8FDC-42A3-9474-1A3956D46DE8}") = "Roteiro", "Roteiro", "{F41B8FED-2486-47F1-BC77-8CA9DB8E3788}"
EndProject
Project("{2150E333-8FDC-42A3-9474-1A3956D46DE8}") = "01 - Cache com Redis", "01 - Cache com Redis", "{6DCBB41D-98BE-4884-925D-A0B17B818836}"
EndProject
Project("{9A19103F-16F7-4668-BE54-9A1E7A4F7556}") = "CasaDoCodigo.MVC", "Item01\CasaDoCodigo\CasaDoCodigo.MVC.csproj", "{937ECEA6-37AD-4A31-A6AD-53540808554C}"
EndProject
Project("{2150E333-8FDC-42A3-9474-1A3956D46DE8}") = "02 - Catalogo com ElasticSearch", "02 - Catalogo com ElasticSearch", "{48E07BE4-9929-436C-8A7F-A16F8FCDA5BB}"
EndProject
Project("{9A19103F-16F7-4668-BE54-9A1E7A4F7556}") = "CasaDoCodigo.MVC", "Item02\CasaDoCodigo\CasaDoCodigo.MVC.csproj", "{C38EEDC7-3BCE-430A-929C-F86B446E4953}"
EndProject
Project("{2150E333-8FDC-42A3-9474-1A3956D46DE8}") = "Aula01 - SQL Server", "Aula01 - SQL Server", "{A89C8F28-2D18-46C5-97BF-5941BD638DAE}"
EndProject
Project("{2150E333-8FDC-42A3-9474-1A3956D46DE8}") = "Aula02 - SQLite", "Aula02 - SQLite", "{0D96F0BB-A246-4E94-8E5C-30CD51FC8491}"
EndProject
Project("{2150E333-8FDC-42A3-9474-1A3956D46DE8}") = "Aula03 - Redis", "Aula03 - Redis", "{16ABFA34-BBAC-41F0-8E65-A1BF8DE182AE}"
EndProject
Project("{2150E333-8FDC-42A3-9474-1A3956D46DE8}") = "Aula04 - Elasticsearch", "Aula04 - Elasticsearch", "{E6FB25F3-C0A1-454C-8ECA-A0B689EAD808}"
EndProject
Project("{2150E333-8FDC-42A3-9474-1A3956D46DE8}") = "Aula05 - Queries Elasticsearch", "Aula05 - Queries Elasticsearch", "{C5180339-ED9B-4C02-85FA-882E65E97545}"
EndProject
Project("{9A19103F-16F7-4668-BE54-9A1E7A4F7556}") = "CasaDoCodigo.MVC", "Aula01\CasaDoCodigo\CasaDoCodigo.MVC.csproj", "{6E3F6E24-ED3D-43E1-8A28-AE08829054BB}"
EndProject
Project("{2150E333-8FDC-42A3-9474-1A3956D46DE8}") = "Aula00 - Início", "Aula00 - Início", "{6593C8F9-C98D-4D2B-A1E9-5A34386A4738}"
EndProject
Project("{9A19103F-16F7-4668-BE54-9A1E7A4F7556}") = "CasaDoCodigo.MVC", "Aula00\CasaDoCodigo\CasaDoCodigo.MVC.csproj", "{CED2B2E6-DE11-4821-90E7-C8A72ECD12CA}"
EndProject
Project("{9A19103F-16F7-4668-BE54-9A1E7A4F7556}") = "CasaDoCodigo.MVC", "Aula02\CasaDoCodigo\CasaDoCodigo.MVC.csproj", "{30BD5CD0-B272-48C6-9226-A33586BF0FE9}"
EndProject
Project("{9A19103F-16F7-4668-BE54-9A1E7A4F7556}") = "CasaDoCodigo.MVC", "Aula03\CasaDoCodigo\CasaDoCodigo.MVC.csproj", "{9A722F51-AD7D-4AB6-B261-08F6453DA1BA}"
EndProject
Project("{9A19103F-16F7-4668-BE54-9A1E7A4F7556}") = "CasaDoCodigo.MVC", "Aula04\CasaDoCodigo\CasaDoCodigo.MVC.csproj", "{4DE0BE86-6B20-450F-BA4A-B7AEE7AE33BD}"
EndProject
Global
	GlobalSection(SolutionConfigurationPlatforms) = preSolution
		Debug|Any CPU = Debug|Any CPU
		Release|Any CPU = Release|Any CPU
	EndGlobalSection
	GlobalSection(ProjectConfigurationPlatforms) = postSolution
		{DCF48943-83F5-4E44-B7E1-AE52B67644AB}.Debug|Any CPU.ActiveCfg = Debug|Any CPU
		{DCF48943-83F5-4E44-B7E1-AE52B67644AB}.Debug|Any CPU.Build.0 = Debug|Any CPU
		{DCF48943-83F5-4E44-B7E1-AE52B67644AB}.Release|Any CPU.ActiveCfg = Release|Any CPU
		{DCF48943-83F5-4E44-B7E1-AE52B67644AB}.Release|Any CPU.Build.0 = Release|Any CPU
		{937ECEA6-37AD-4A31-A6AD-53540808554C}.Debug|Any CPU.ActiveCfg = Debug|Any CPU
		{937ECEA6-37AD-4A31-A6AD-53540808554C}.Debug|Any CPU.Build.0 = Debug|Any CPU
		{937ECEA6-37AD-4A31-A6AD-53540808554C}.Release|Any CPU.ActiveCfg = Release|Any CPU
		{937ECEA6-37AD-4A31-A6AD-53540808554C}.Release|Any CPU.Build.0 = Release|Any CPU
		{C38EEDC7-3BCE-430A-929C-F86B446E4953}.Debug|Any CPU.ActiveCfg = Debug|Any CPU
		{C38EEDC7-3BCE-430A-929C-F86B446E4953}.Debug|Any CPU.Build.0 = Debug|Any CPU
		{C38EEDC7-3BCE-430A-929C-F86B446E4953}.Release|Any CPU.ActiveCfg = Release|Any CPU
		{C38EEDC7-3BCE-430A-929C-F86B446E4953}.Release|Any CPU.Build.0 = Release|Any CPU
		{6E3F6E24-ED3D-43E1-8A28-AE08829054BB}.Debug|Any CPU.ActiveCfg = Debug|Any CPU
		{6E3F6E24-ED3D-43E1-8A28-AE08829054BB}.Debug|Any CPU.Build.0 = Debug|Any CPU
		{6E3F6E24-ED3D-43E1-8A28-AE08829054BB}.Release|Any CPU.ActiveCfg = Release|Any CPU
		{6E3F6E24-ED3D-43E1-8A28-AE08829054BB}.Release|Any CPU.Build.0 = Release|Any CPU
		{CED2B2E6-DE11-4821-90E7-C8A72ECD12CA}.Debug|Any CPU.ActiveCfg = Debug|Any CPU
		{CED2B2E6-DE11-4821-90E7-C8A72ECD12CA}.Debug|Any CPU.Build.0 = Debug|Any CPU
		{CED2B2E6-DE11-4821-90E7-C8A72ECD12CA}.Release|Any CPU.ActiveCfg = Release|Any CPU
		{CED2B2E6-DE11-4821-90E7-C8A72ECD12CA}.Release|Any CPU.Build.0 = Release|Any CPU
		{30BD5CD0-B272-48C6-9226-A33586BF0FE9}.Debug|Any CPU.ActiveCfg = Debug|Any CPU
		{30BD5CD0-B272-48C6-9226-A33586BF0FE9}.Debug|Any CPU.Build.0 = Debug|Any CPU
		{30BD5CD0-B272-48C6-9226-A33586BF0FE9}.Release|Any CPU.ActiveCfg = Release|Any CPU
		{30BD5CD0-B272-48C6-9226-A33586BF0FE9}.Release|Any CPU.Build.0 = Release|Any CPU
		{9A722F51-AD7D-4AB6-B261-08F6453DA1BA}.Debug|Any CPU.ActiveCfg = Debug|Any CPU
		{9A722F51-AD7D-4AB6-B261-08F6453DA1BA}.Debug|Any CPU.Build.0 = Debug|Any CPU
		{9A722F51-AD7D-4AB6-B261-08F6453DA1BA}.Release|Any CPU.ActiveCfg = Release|Any CPU
		{9A722F51-AD7D-4AB6-B261-08F6453DA1BA}.Release|Any CPU.Build.0 = Release|Any CPU
		{4DE0BE86-6B20-450F-BA4A-B7AEE7AE33BD}.Debug|Any CPU.ActiveCfg = Debug|Any CPU
		{4DE0BE86-6B20-450F-BA4A-B7AEE7AE33BD}.Debug|Any CPU.Build.0 = Debug|Any CPU
		{4DE0BE86-6B20-450F-BA4A-B7AEE7AE33BD}.Release|Any CPU.ActiveCfg = Release|Any CPU
		{4DE0BE86-6B20-450F-BA4A-B7AEE7AE33BD}.Release|Any CPU.Build.0 = Release|Any CPU
	EndGlobalSection
	GlobalSection(SolutionProperties) = preSolution
		HideSolutionNode = FALSE
	EndGlobalSection
	GlobalSection(NestedProjects) = preSolution
		{DCF48943-83F5-4E44-B7E1-AE52B67644AB} = {F27E3D4C-1B88-402F-AAE3-BF748893E5C2}
		{937ECEA6-37AD-4A31-A6AD-53540808554C} = {6DCBB41D-98BE-4884-925D-A0B17B818836}
		{C38EEDC7-3BCE-430A-929C-F86B446E4953} = {48E07BE4-9929-436C-8A7F-A16F8FCDA5BB}
		{6E3F6E24-ED3D-43E1-8A28-AE08829054BB} = {A89C8F28-2D18-46C5-97BF-5941BD638DAE}
		{CED2B2E6-DE11-4821-90E7-C8A72ECD12CA} = {6593C8F9-C98D-4D2B-A1E9-5A34386A4738}
		{30BD5CD0-B272-48C6-9226-A33586BF0FE9} = {0D96F0BB-A246-4E94-8E5C-30CD51FC8491}
		{9A722F51-AD7D-4AB6-B261-08F6453DA1BA} = {16ABFA34-BBAC-41F0-8E65-A1BF8DE182AE}
		{4DE0BE86-6B20-450F-BA4A-B7AEE7AE33BD} = {E6FB25F3-C0A1-454C-8ECA-A0B689EAD808}
	EndGlobalSection
	GlobalSection(ExtensibilityGlobals) = postSolution
		SolutionGuid = {398437CA-EB7F-4F16-ACEE-7A7D1534AD08}
	EndGlobalSection
EndGlobal
